
Microsoft Visual Studio Solution File, Format Version 12.00
# Visual Studio Version 16
VisualStudioVersion = 16.0.30804.86
MinimumVisualStudioVersion = 10.0.40219.1
Project("{FAE04EC0-301F-11D3-BF4B-00C04F79EFBC}") = "Facts.Web", "Facts.Web\Facts.Web.csproj", "{5B4330E0-8DE7-40C1-829E-BBDE55725011}"
EndProject
Global
	GlobalSection(SolutionConfigurationPlatforms) = preSolution
		Debug|Any CPU = Debug|Any CPU
		Release|Any CPU = Release|Any CPU
	EndGlobalSection
	GlobalSection(ProjectConfigurationPlatforms) = postSolution
		{5B4330E0-8DE7-40C1-829E-BBDE55725011}.Debug|Any CPU.ActiveCfg = Debug|Any CPU
		{5B4330E0-8DE7-40C1-829E-BBDE55725011}.Debug|Any CPU.Build.0 = Debug|Any CPU
		{5B4330E0-8DE7-40C1-829E-BBDE55725011}.Release|Any CPU.ActiveCfg = Release|Any CPU
		{5B4330E0-8DE7-40C1-829E-BBDE55725011}.Release|Any CPU.Build.0 = Release|Any CPU
	EndGlobalSection
	GlobalSection(SolutionProperties) = preSolution
		HideSolutionNode = FALSE
	EndGlobalSection
	GlobalSection(ExtensibilityGlobals) = postSolution
		SolutionGuid = {BFEFE393-04F7-494B-9F1F-B0DE5E7B1933}
	EndGlobalSection
EndGlobal
